
Microsoft Visual Studio Solution File, Format Version 12.00
# Visual Studio 14
VisualStudioVersion = 14.0.23107.0
MinimumVisualStudioVersion = 10.0.40219.1
Project("{FAE04EC0-301F-11D3-BF4B-00C04F79EFBC}") = "NFluentAnalyzers", "NFluentAnalyzers\NFluentAnalyzers\NFluentAnalyzers.csproj", "{65F17EFA-DEB1-4741-BAC2-14D1ABB9F179}"
EndProject
Project("{FAE04EC0-301F-11D3-BF4B-00C04F79EFBC}") = "NFluentAnalyzers.Test", "NFluentAnalyzers\NFluentAnalyzers.Test\NFluentAnalyzers.Test.csproj", "{171E59A6-2383-411F-9FC0-4F43F05317D6}"
EndProject
Project("{FAE04EC0-301F-11D3-BF4B-00C04F79EFBC}") = "NFluentAnalyzers.Vsix", "NFluentAnalyzers\NFluentAnalyzers.Vsix\NFluentAnalyzers.Vsix.csproj", "{64305CF5-7CAE-4EB4-B271-CCDCB3F4FC58}"
EndProject
Global
	GlobalSection(SolutionConfigurationPlatforms) = preSolution
		Debug|Any CPU = Debug|Any CPU
		Release|Any CPU = Release|Any CPU
	EndGlobalSection
	GlobalSection(ProjectConfigurationPlatforms) = postSolution
		{65F17EFA-DEB1-4741-BAC2-14D1ABB9F179}.Debug|Any CPU.ActiveCfg = Debug|Any CPU
		{65F17EFA-DEB1-4741-BAC2-14D1ABB9F179}.Debug|Any CPU.Build.0 = Debug|Any CPU
		{65F17EFA-DEB1-4741-BAC2-14D1ABB9F179}.Release|Any CPU.ActiveCfg = Release|Any CPU
		{65F17EFA-DEB1-4741-BAC2-14D1ABB9F179}.Release|Any CPU.Build.0 = Release|Any CPU
		{171E59A6-2383-411F-9FC0-4F43F05317D6}.Debug|Any CPU.ActiveCfg = Debug|Any CPU
		{171E59A6-2383-411F-9FC0-4F43F05317D6}.Debug|Any CPU.Build.0 = Debug|Any CPU
		{171E59A6-2383-411F-9FC0-4F43F05317D6}.Release|Any CPU.ActiveCfg = Release|Any CPU
		{171E59A6-2383-411F-9FC0-4F43F05317D6}.Release|Any CPU.Build.0 = Release|Any CPU
		{64305CF5-7CAE-4EB4-B271-CCDCB3F4FC58}.Debug|Any CPU.ActiveCfg = Debug|Any CPU
		{64305CF5-7CAE-4EB4-B271-CCDCB3F4FC58}.Debug|Any CPU.Build.0 = Debug|Any CPU
		{64305CF5-7CAE-4EB4-B271-CCDCB3F4FC58}.Release|Any CPU.ActiveCfg = Release|Any CPU
		{64305CF5-7CAE-4EB4-B271-CCDCB3F4FC58}.Release|Any CPU.Build.0 = Release|Any CPU
	EndGlobalSection
	GlobalSection(SolutionProperties) = preSolution
		HideSolutionNode = FALSE
	EndGlobalSection
EndGlobal
